
Microsoft Visual Studio Solution File, Format Version 12.00
# Visual Studio 2012
Project("{8BC9CEB8-8B4A-11D0-8D11-00A0C91BC942}") = "demo", "demo.vcxproj", "{748017B8-D423-4D8B-8EDF-E3F2E995C401}"
EndProject
Global
	GlobalSection(SolutionConfigurationPlatforms) = preSolution
		Debug|Win32 = Debug|Win32
		Release|Win32 = Release|Win32
	EndGlobalSection
	GlobalSection(ProjectConfigurationPlatforms) = postSolution
		{748017B8-D423-4D8B-8EDF-E3F2E995C401}.Debug|Win32.ActiveCfg = Debug|Win32
		{748017B8-D423-4D8B-8EDF-E3F2E995C401}.Debug|Win32.Build.0 = Debug|Win32
		{748017B8-D423-4D8B-8EDF-E3F2E995C401}.Release|Win32.ActiveCfg = Release|Win32
		{748017B8-D423-4D8B-8EDF-E3F2E995C401}.Release|Win32.Build.0 = Release|Win32
	EndGlobalSection
	GlobalSection(SolutionProperties) = preSolution
		HideSolutionNode = FALSE
	EndGlobalSection
EndGlobal
