
Microsoft Visual Studio Solution File, Format Version 11.00
# Visual Studio 2010
Project("{8BC9CEB8-8B4A-11D0-8D11-00A0C91BC942}") = "gpe", "gpe.vcxproj", "{F3041B73-7E11-4A90-9C77-8D07C5C49B68}"
EndProject
Project("{8BC9CEB8-8B4A-11D0-8D11-00A0C91BC942}") = "demo", "demo.vcxproj", "{3B3CE500-BED9-4F53-843C-CA0978E3864B}"
EndProject
Global
	GlobalSection(SolutionConfigurationPlatforms) = preSolution
		Debug DLL|Win32 = Debug DLL|Win32
		Debug DLL|x64 = Debug DLL|x64
		Debug|Win32 = Debug|Win32
		Debug|x64 = Debug|x64
		Release DLL|Win32 = Release DLL|Win32
		Release DLL|x64 = Release DLL|x64
		Release|Win32 = Release|Win32
		Release|x64 = Release|x64
	EndGlobalSection
	GlobalSection(ProjectConfigurationPlatforms) = postSolution
		{F3041B73-7E11-4A90-9C77-8D07C5C49B68}.Debug DLL|Win32.ActiveCfg = Debug|Win32
		{F3041B73-7E11-4A90-9C77-8D07C5C49B68}.Debug DLL|Win32.Build.0 = Debug|Win32
		{F3041B73-7E11-4A90-9C77-8D07C5C49B68}.Debug DLL|x64.ActiveCfg = Debug|Win32
		{F3041B73-7E11-4A90-9C77-8D07C5C49B68}.Debug|Win32.ActiveCfg = Debug|Win32
		{F3041B73-7E11-4A90-9C77-8D07C5C49B68}.Debug|Win32.Build.0 = Debug|Win32
		{F3041B73-7E11-4A90-9C77-8D07C5C49B68}.Debug|x64.ActiveCfg = Debug|Win32
		{F3041B73-7E11-4A90-9C77-8D07C5C49B68}.Release DLL|Win32.ActiveCfg = Release|Win32
		{F3041B73-7E11-4A90-9C77-8D07C5C49B68}.Release DLL|Win32.Build.0 = Release|Win32
		{F3041B73-7E11-4A90-9C77-8D07C5C49B68}.Release DLL|x64.ActiveCfg = Release|Win32
		{F3041B73-7E11-4A90-9C77-8D07C5C49B68}.Release|Win32.ActiveCfg = Release|Win32
		{F3041B73-7E11-4A90-9C77-8D07C5C49B68}.Release|Win32.Build.0 = Release|Win32
		{F3041B73-7E11-4A90-9C77-8D07C5C49B68}.Release|x64.ActiveCfg = Release|Win32
		{3B3CE500-BED9-4F53-843C-CA0978E3864B}.Debug DLL|Win32.ActiveCfg = Debug|Win32
		{3B3CE500-BED9-4F53-843C-CA0978E3864B}.Debug DLL|Win32.Build.0 = Debug|Win32
		{3B3CE500-BED9-4F53-843C-CA0978E3864B}.Debug DLL|x64.ActiveCfg = Debug|Win32
		{3B3CE500-BED9-4F53-843C-CA0978E3864B}.Debug|Win32.ActiveCfg = Debug|Win32
		{3B3CE500-BED9-4F53-843C-CA0978E3864B}.Debug|Win32.Build.0 = Debug|Win32
		{3B3CE500-BED9-4F53-843C-CA0978E3864B}.Debug|x64.ActiveCfg = Debug|Win32
		{3B3CE500-BED9-4F53-843C-CA0978E3864B}.Release DLL|Win32.ActiveCfg = Release|Win32
		{3B3CE500-BED9-4F53-843C-CA0978E3864B}.Release DLL|Win32.Build.0 = Release|Win32
		{3B3CE500-BED9-4F53-843C-CA0978E3864B}.Release DLL|x64.ActiveCfg = Release|Win32
		{3B3CE500-BED9-4F53-843C-CA0978E3864B}.Release|Win32.ActiveCfg = Release|Win32
		{3B3CE500-BED9-4F53-843C-CA0978E3864B}.Release|Win32.Build.0 = Release|Win32
		{3B3CE500-BED9-4F53-843C-CA0978E3864B}.Release|x64.ActiveCfg = Release|Win32
	EndGlobalSection
	GlobalSection(SolutionProperties) = preSolution
		HideSolutionNode = FALSE
	EndGlobalSection
EndGlobal
